Microsoft Visual Studio Solution File, Format Version 12.00
# Visual Studio Version 17
VisualStudioVersion = 17.5.2.0
MinimumVisualStudioVersion = 10.0.40219.1
Project("{FAE04EC0-301F-11D3-BF4B-00C04F79EFBC}") = "MercadosProdutos", "MercadosProdutos\MercadosProdutos.csproj", "{958169E4-C16D-6C97-82B3-07255A09FCDB}"
EndProject
Global
	GlobalSection(SolutionConfigurationPlatforms) = preSolution
		Debug|Any CPU = Debug|Any CPU
		Release|Any CPU = Release|Any CPU
	EndGlobalSection
	GlobalSection(ProjectConfigurationPlatforms) = postSolution
		{958169E4-C16D-6C97-82B3-07255A09FCDB}.Debug|Any CPU.ActiveCfg = Debug|Any CPU
		{958169E4-C16D-6C97-82B3-07255A09FCDB}.Debug|Any CPU.Build.0 = Debug|Any CPU
		{958169E4-C16D-6C97-82B3-07255A09FCDB}.Release|Any CPU.ActiveCfg = Release|Any CPU
		{958169E4-C16D-6C97-82B3-07255A09FCDB}.Release|Any CPU.Build.0 = Release|Any CPU
	EndGlobalSection
	GlobalSection(SolutionProperties) = preSolution
		HideSolutionNode = FALSE
	EndGlobalSection
	GlobalSection(ExtensibilityGlobals) = postSolution
		SolutionGuid = {66B8D451-5262-4881-B38F-B42ABA069B98}
	EndGlobalSection
EndGlobal
